
Microsoft Visual Studio Solution File, Format Version 12.00
# Visual Studio 15
VisualStudioVersion = 15.0.28307.102
MinimumVisualStudioVersion = 10.0.40219.1
Project("{FAE04EC0-301F-11D3-BF4B-00C04F79EFBC}") = "generics", "generics\generics.csproj", "{12E912EB-D025-4860-AB30-C8B5A0F6AE33}"
EndProject
Project("{FAE04EC0-301F-11D3-BF4B-00C04F79EFBC}") = "GenericClassesAndInterfaces", "GenericClassesAndInterfaces\GenericClassesAndInterfaces.csproj", "{7E6385DB-1C16-44C0-AFDD-18D45F7BFC9D}"
EndProject
Global
	GlobalSection(SolutionConfigurationPlatforms) = preSolution
		Debug|Any CPU = Debug|Any CPU
		Release|Any CPU = Release|Any CPU
	EndGlobalSection
	GlobalSection(ProjectConfigurationPlatforms) = postSolution
		{12E912EB-D025-4860-AB30-C8B5A0F6AE33}.Debug|Any CPU.ActiveCfg = Debug|Any CPU
		{12E912EB-D025-4860-AB30-C8B5A0F6AE33}.Debug|Any CPU.Build.0 = Debug|Any CPU
		{12E912EB-D025-4860-AB30-C8B5A0F6AE33}.Release|Any CPU.ActiveCfg = Release|Any CPU
		{12E912EB-D025-4860-AB30-C8B5A0F6AE33}.Release|Any CPU.Build.0 = Release|Any CPU
		{7E6385DB-1C16-44C0-AFDD-18D45F7BFC9D}.Debug|Any CPU.ActiveCfg = Debug|Any CPU
		{7E6385DB-1C16-44C0-AFDD-18D45F7BFC9D}.Debug|Any CPU.Build.0 = Debug|Any CPU
		{7E6385DB-1C16-44C0-AFDD-18D45F7BFC9D}.Release|Any CPU.ActiveCfg = Release|Any CPU
		{7E6385DB-1C16-44C0-AFDD-18D45F7BFC9D}.Release|Any CPU.Build.0 = Release|Any CPU
	EndGlobalSection
	GlobalSection(SolutionProperties) = preSolution
		HideSolutionNode = FALSE
	EndGlobalSection
	GlobalSection(ExtensibilityGlobals) = postSolution
		SolutionGuid = {A4CCD8C9-25C9-4E4A-ACC0-9E58B185B1E9}
	EndGlobalSection
EndGlobal
